
Microsoft Visual Studio Solution File, Format Version 12.00
# Visual Studio Version 17
VisualStudioVersion = 17.7.34024.191
MinimumVisualStudioVersion = 10.0.40219.1
Project("{FAE04EC0-301F-11D3-BF4B-00C04F79EFBC}") = "Courses", "Courses\Courses.csproj", "{0E4E81FC-A503-4AFC-B557-21D0A12F4A07}"
EndProject
Global
	GlobalSection(SolutionConfigurationPlatforms) = preSolution
		Debug|Any CPU = Debug|Any CPU
		Release|Any CPU = Release|Any CPU
	EndGlobalSection
	GlobalSection(ProjectConfigurationPlatforms) = postSolution
		{0E4E81FC-A503-4AFC-B557-21D0A12F4A07}.Debug|Any CPU.ActiveCfg = Debug|Any CPU
		{0E4E81FC-A503-4AFC-B557-21D0A12F4A07}.Debug|Any CPU.Build.0 = Debug|Any CPU
		{0E4E81FC-A503-4AFC-B557-21D0A12F4A07}.Release|Any CPU.ActiveCfg = Release|Any CPU
		{0E4E81FC-A503-4AFC-B557-21D0A12F4A07}.Release|Any CPU.Build.0 = Release|Any CPU
	EndGlobalSection
	GlobalSection(SolutionProperties) = preSolution
		HideSolutionNode = FALSE
	EndGlobalSection
	GlobalSection(ExtensibilityGlobals) = postSolution
		SolutionGuid = {0BB89255-67C6-4448-A593-1F3AA6D194B8}
	EndGlobalSection
EndGlobal
